
Microsoft Visual Studio Solution File, Format Version 12.00
# Visual Studio Version 16
VisualStudioVersion = 16.0.33529.622
MinimumVisualStudioVersion = 10.0.40219.1
Project("{FAE04EC0-301F-11D3-BF4B-00C04F79EFBC}") = "C64CartridgeDumper", "C64CartridgeDumper\C64CartridgeDumper.csproj", "{D24C0B25-AFF0-46A4-9739-DA5F23162BFE}"
EndProject
Global
	GlobalSection(SolutionConfigurationPlatforms) = preSolution
		Debug|Any CPU = Debug|Any CPU
		Release|Any CPU = Release|Any CPU
	EndGlobalSection
	GlobalSection(ProjectConfigurationPlatforms) = postSolution
		{D24C0B25-AFF0-46A4-9739-DA5F23162BFE}.Debug|Any CPU.ActiveCfg = Debug|Any CPU
		{D24C0B25-AFF0-46A4-9739-DA5F23162BFE}.Debug|Any CPU.Build.0 = Debug|Any CPU
		{D24C0B25-AFF0-46A4-9739-DA5F23162BFE}.Release|Any CPU.ActiveCfg = Release|Any CPU
		{D24C0B25-AFF0-46A4-9739-DA5F23162BFE}.Release|Any CPU.Build.0 = Release|Any CPU
	EndGlobalSection
	GlobalSection(SolutionProperties) = preSolution
		HideSolutionNode = FALSE
	EndGlobalSection
	GlobalSection(ExtensibilityGlobals) = postSolution
		SolutionGuid = {F6F952F6-E955-4F2D-A3C2-5CDFC853D7A9}
	EndGlobalSection
EndGlobal
